<?xml version="1.0" encoding="utf-8"?>
<Project ToolsVersion="4.0" xmlns="http://schemas.microsoft.com/developer/msbuild/2003">
  <ItemGroup>
    <Filter Include="Src">
      <UniqueIdentifier>{38117303-bb91-4365-bda0-b302220e3cd2}</UniqueIdentifier>
    </Filter>
    <Filter Include="Resources">
      <UniqueIdentifier>{de155160-2622-4bc4-8069-ae966f766f9d}</UniqueIdentifier>
    </Filter>
    <Filter Include="Src\ManagedRenderDevice">
      <UniqueIdentifier>{48689391-5a07-496f-b234-7a57f91ef36d}</UniqueIdentifier>
    </Filter>
  </ItemGroup>
  <ItemGroup>
    <ResourceCompile Include="resources.rc">
      <Filter>Resources</Filter>
    </ResourceCompile>
    <None Include="Noesis.ico">
      <Filter>Resources</Filter>
    </None>
  </ItemGroup>
  <ItemGroup>
    <ClCompile Include="..\..\Src\NoesisApp.cpp">
      <Filter>Src</Filter>
    </ClCompile>
    <ClCompile Include="..\..\Src\ManagedRenderDevice.cpp" />
  </ItemGroup>
  <ItemGroup>
    <ClInclude Include="..\..\Src\ManagedRenderDevice.h" />
    <ClInclude Include="..\..\Src\ManagedTexture.h" />
  </ItemGroup>
</Project>